
Microsoft Visual Studio Solution File, Format Version 12.00
# Visual Studio Version 16
VisualStudioVersion = 16.0.30413.136
MinimumVisualStudioVersion = 10.0.40219.1
Project("{FAE04EC0-301F-11D3-BF4B-00C04F79EFBC}") = "FDSBuilderC-Sharp", "FDSBuilderC-Sharp\FDSBuilderC-Sharp.csproj", "{9EEF8995-1BD2-4A8E-BA4C-DEC258DF7DB3}"
EndProject
Global
	GlobalSection(SolutionConfigurationPlatforms) = preSolution
		Debug|Any CPU = Debug|Any CPU
		Release|Any CPU = Release|Any CPU
	EndGlobalSection
	GlobalSection(ProjectConfigurationPlatforms) = postSolution
		{9EEF8995-1BD2-4A8E-BA4C-DEC258DF7DB3}.Debug|Any CPU.ActiveCfg = Debug|Any CPU
		{9EEF8995-1BD2-4A8E-BA4C-DEC258DF7DB3}.Debug|Any CPU.Build.0 = Debug|Any CPU
		{9EEF8995-1BD2-4A8E-BA4C-DEC258DF7DB3}.Release|Any CPU.ActiveCfg = Release|Any CPU
		{9EEF8995-1BD2-4A8E-BA4C-DEC258DF7DB3}.Release|Any CPU.Build.0 = Release|Any CPU
	EndGlobalSection
	GlobalSection(SolutionProperties) = preSolution
		HideSolutionNode = FALSE
	EndGlobalSection
	GlobalSection(ExtensibilityGlobals) = postSolution
		SolutionGuid = {09EDAED4-9D71-47F7-8C42-CCEEA4D7D176}
	EndGlobalSection
EndGlobal
